
Microsoft Visual Studio Solution File, Format Version 12.00
# Visual Studio Version 16
VisualStudioVersion = 16.0.32510.428
MinimumVisualStudioVersion = 10.0.40219.1
Project("{FAE04EC0-301F-11D3-BF4B-00C04F79EFBC}") = "GOLBrandonUntea", "GOLBrandonUntea\GOLBrandonUntea.csproj", "{DBB2F188-5884-46F4-A672-4ED7D8C67FC7}"
EndProject
Global
	GlobalSection(SolutionConfigurationPlatforms) = preSolution
		Debug|Any CPU = Debug|Any CPU
		Release|Any CPU = Release|Any CPU
	EndGlobalSection
	GlobalSection(ProjectConfigurationPlatforms) = postSolution
		{DBB2F188-5884-46F4-A672-4ED7D8C67FC7}.Debug|Any CPU.ActiveCfg = Debug|Any CPU
		{DBB2F188-5884-46F4-A672-4ED7D8C67FC7}.Debug|Any CPU.Build.0 = Debug|Any CPU
		{DBB2F188-5884-46F4-A672-4ED7D8C67FC7}.Release|Any CPU.ActiveCfg = Release|Any CPU
		{DBB2F188-5884-46F4-A672-4ED7D8C67FC7}.Release|Any CPU.Build.0 = Release|Any CPU
	EndGlobalSection
	GlobalSection(SolutionProperties) = preSolution
		HideSolutionNode = FALSE
	EndGlobalSection
	GlobalSection(ExtensibilityGlobals) = postSolution
		SolutionGuid = {D8EE9834-B2DA-4ED2-B1C5-9A201C25145A}
	EndGlobalSection
EndGlobal
